
Microsoft Visual Studio Solution File, Format Version 12.00
# Visual Studio 15
VisualStudioVersion = 15.0.27004.2005
MinimumVisualStudioVersion = 10.0.40219.1
Project("{FAE04EC0-301F-11D3-BF4B-00C04F79EFBC}") = "Contador.Android", "Contador\Contador.Android\Contador.Android.csproj", "{2B318D5A-09ED-45B5-81E3-23249C3D8F0F}"
EndProject
Project("{FAE04EC0-301F-11D3-BF4B-00C04F79EFBC}") = "Contador", "Contador\Contador\Contador.csproj", "{40FBFAF0-38CE-411C-9E1E-3F9693D1E8DF}"
EndProject
Project("{FAE04EC0-301F-11D3-BF4B-00C04F79EFBC}") = "Contador.UWP", "Contador\Contador.UWP\Contador.UWP.csproj", "{34C7E61F-F087-4222-927C-417B0C1D724C}"
EndProject
Project("{FAE04EC0-301F-11D3-BF4B-00C04F79EFBC}") = "Contador.iOS", "Contador\Contador.iOS\Contador.iOS.csproj", "{D7D68ECD-2134-450F-A391-EC1D6A44A733}"
EndProject
Global
	GlobalSection(SolutionConfigurationPlatforms) = preSolution
		Ad-Hoc|Any CPU = Ad-Hoc|Any CPU
		Ad-Hoc|ARM = Ad-Hoc|ARM
		Ad-Hoc|iPhone = Ad-Hoc|iPhone
		Ad-Hoc|iPhoneSimulator = Ad-Hoc|iPhoneSimulator
		Ad-Hoc|x64 = Ad-Hoc|x64
		Ad-Hoc|x86 = Ad-Hoc|x86
		AppStore|Any CPU = AppStore|Any CPU
		AppStore|ARM = AppStore|ARM
		AppStore|iPhone = AppStore|iPhone
		AppStore|iPhoneSimulator = AppStore|iPhoneSimulator
		AppStore|x64 = AppStore|x64
		AppStore|x86 = AppStore|x86
		Debug|Any CPU = Debug|Any CPU
		Debug|ARM = Debug|ARM
		Debug|iPhone = Debug|iPhone
		Debug|iPhoneSimulator = Debug|iPhoneSimulator
		Debug|x64 = Debug|x64
		Debug|x86 = Debug|x86
		Release|Any CPU = Release|Any CPU
		Release|ARM = Release|ARM
		Release|iPhone = Release|iPhone
		Release|iPhoneSimulator = Release|iPhoneSimulator
		Release|x64 = Release|x64
		Release|x86 = Release|x86
	EndGlobalSection
	GlobalSection(ProjectConfigurationPlatforms) = postSolution
		{2B318D5A-09ED-45B5-81E3-23249C3D8F0F}.Ad-Hoc|Any CPU.ActiveCfg = Release|Any CPU
		{2B318D5A-09ED-45B5-81E3-23249C3D8F0F}.Ad-Hoc|Any CPU.Build.0 = Release|Any CPU
		{2B318D5A-09ED-45B5-81E3-23249C3D8F0F}.Ad-Hoc|Any CPU.Deploy.0 = Release|Any CPU
		{2B318D5A-09ED-45B5-81E3-23249C3D8F0F}.Ad-Hoc|ARM.ActiveCfg = Release|Any CPU
		{2B318D5A-09ED-45B5-81E3-23249C3D8F0F}.Ad-Hoc|ARM.Build.0 = Release|Any CPU
		{2B318D5A-09ED-45B5-81E3-23249C3D8F0F}.Ad-Hoc|ARM.Deploy.0 = Release|Any CPU
		{2B318D5A-09ED-45B5-81E3-23249C3D8F0F}.Ad-Hoc|iPhone.ActiveCfg = Release|Any CPU
		{2B318D5A-09ED-45B5-81E3-23249C3D8F0F}.Ad-Hoc|iPhone.Build.0 = Release|Any CPU
		{2B318D5A-09ED-45B5-81E3-23249C3D8F0F}.Ad-Hoc|iPhone.Deploy.0 = Release|Any CPU
		{2B318D5A-09ED-45B5-81E3-23249C3D8F0F}.Ad-Hoc|iPhoneSimulator.ActiveCfg = Release|Any CPU
		{2B318D5A-09ED-45B5-81E3-23249C3D8F0F}.Ad-Hoc|iPhoneSimulator.Build.0 = Release|Any CPU
		{2B318D5A-09ED-45B5-81E3-23249C3D8F0F}.Ad-Hoc|iPhoneSimulator.Deploy.0 = Release|Any CPU
		{2B318D5A-09ED-45B5-81E3-23249C3D8F0F}.Ad-Hoc|x64.ActiveCfg = Release|Any CPU
		{2B318D5A-09ED-45B5-81E3-23249C3D8F0F}.Ad-Hoc|x64.Build.0 = Release|Any CPU
		{2B318D5A-09ED-45B5-81E3-23249C3D8F0F}.Ad-Hoc|x64.Deploy.0 = Release|Any CPU
		{2B318D5A-09ED-45B5-81E3-23249C3D8F0F}.Ad-Hoc|x86.ActiveCfg = Release|Any CPU
		{2B318D5A-09ED-45B5-81E3-23249C3D8F0F}.Ad-Hoc|x86.Build.0 = Release|Any CPU
		{2B318D5A-09ED-45B5-81E3-23249C3D8F0F}.Ad-Hoc|x86.Deploy.0 = Release|Any CPU
		{2B318D5A-09ED-45B5-81E3-23249C3D8F0F}.AppStore|Any CPU.ActiveCfg = Release|Any CPU
		{2B318D5A-09ED-45B5-81E3-23249C3D8F0F}.AppStore|Any CPU.Build.0 = Release|Any CPU
		{2B318D5A-09ED-45B5-81E3-23249C3D8F0F}.AppStore|Any CPU.Deploy.0 = Release|Any CPU
		{2B318D5A-09ED-45B5-81E3-23249C3D8F0F}.AppStore|ARM.ActiveCfg = Release|Any CPU
		{2B318D5A-09ED-45B5-81E3-23249C3D8F0F}.AppStore|ARM.Build.0 = Release|Any CPU
		{2B318D5A-09ED-45B5-81E3-23249C3D8F0F}.AppStore|ARM.Deploy.0 = Release|Any CPU
		{2B318D5A-09ED-45B5-81E3-23249C3D8F0F}.AppStore|iPhone.ActiveCfg = Release|Any CPU
		{2B318D5A-09ED-45B5-81E3-23249C3D8F0F}.AppStore|iPhone.Build.0 = Release|Any CPU
		{2B318D5A-09ED-45B5-81E3-23249C3D8F0F}.AppStore|iPhone.Deploy.0 = Release|Any CPU
		{2B318D5A-09ED-45B5-81E3-23249C3D8F0F}.AppStore|iPhoneSimulator.ActiveCfg = Release|Any CPU
		{2B318D5A-09ED-45B5-81E3-23249C3D8F0F}.AppStore|iPhoneSimulator.Build.0 = Release|Any CPU
		{2B318D5A-09ED-45B5-81E3-23249C3D8F0F}.AppStore|iPhoneSimulator.Deploy.0 = Release|Any CPU
		{2B318D5A-09ED-45B5-81E3-23249C3D8F0F}.AppStore|x64.ActiveCfg = Release|Any CPU
		{2B318D5A-09ED-45B5-81E3-23249C3D8F0F}.AppStore|x64.Build.0 = Release|Any CPU
		{2B318D5A-09ED-45B5-81E3-23249C3D8F0F}.AppStore|x64.Deploy.0 = Release|Any CPU
		{2B318D5A-09ED-45B5-81E3-23249C3D8F0F}.AppStore|x86.ActiveCfg = Release|Any CPU
		{2B318D5A-09ED-45B5-81E3-23249C3D8F0F}.AppStore|x86.Build.0 = Release|Any CPU
		{2B318D5A-09ED-45B5-81E3-23249C3D8F0F}.AppStore|x86.Deploy.0 = Release|Any CPU
		{2B318D5A-09ED-45B5-81E3-23249C3D8F0F}.Debug|Any CPU.ActiveCfg = Debug|Any CPU
		{2B318D5A-09ED-45B5-81E3-23249C3D8F0F}.Debug|Any CPU.Build.0 = Debug|Any CPU
		{2B318D5A-09ED-45B5-81E3-23249C3D8F0F}.Debug|Any CPU.Deploy.0 = Debug|Any CPU
		{2B318D5A-09ED-45B5-81E3-23249C3D8F0F}.Debug|ARM.ActiveCfg = Debug|Any CPU
		{2B318D5A-09ED-45B5-81E3-23249C3D8F0F}.Debug|ARM.Build.0 = Debug|Any CPU
		{2B318D5A-09ED-45B5-81E3-23249C3D8F0F}.Debug|ARM.Deploy.0 = Debug|Any CPU
		{2B318D5A-09ED-45B5-81E3-23249C3D8F0F}.Debug|iPhone.ActiveCfg = Debug|Any CPU
		{2B318D5A-09ED-45B5-81E3-23249C3D8F0F}.Debug|iPhone.Build.0 = Debug|Any CPU
		{2B318D5A-09ED-45B5-81E3-23249C3D8F0F}.Debug|iPhone.Deploy.0 = Debug|Any CPU
		{2B318D5A-09ED-45B5-81E3-23249C3D8F0F}.Debug|iPhoneSimulator.ActiveCfg = Debug|Any CPU
		{2B318D5A-09ED-45B5-81E3-23249C3D8F0F}.Debug|iPhoneSimulator.Build.0 = Debug|Any CPU
		{2B318D5A-09ED-45B5-81E3-23249C3D8F0F}.Debug|iPhoneSimulator.Deploy.0 = Debug|Any CPU
		{2B318D5A-09ED-45B5-81E3-23249C3D8F0F}.Debug|x64.ActiveCfg = Debug|Any CPU
		{2B318D5A-09ED-45B5-81E3-23249C3D8F0F}.Debug|x64.Build.0 = Debug|Any CPU
		{2B318D5A-09ED-45B5-81E3-23249C3D8F0F}.Debug|x64.Deploy.0 = Debug|Any CPU
		{2B318D5A-09ED-45B5-81E3-23249C3D8F0F}.Debug|x86.ActiveCfg = Debug|Any CPU
		{2B318D5A-09ED-45B5-81E3-23249C3D8F0F}.Debug|x86.Build.0 = Debug|Any CPU
		{2B318D5A-09ED-45B5-81E3-23249C3D8F0F}.Debug|x86.Deploy.0 = Debug|Any CPU
		{2B318D5A-09ED-45B5-81E3-23249C3D8F0F}.Release|Any CPU.ActiveCfg = Release|Any CPU
		{2B318D5A-09ED-45B5-81E3-23249C3D8F0F}.Release|Any CPU.Build.0 = Release|Any CPU
		{2B318D5A-09ED-45B5-81E3-23249C3D8F0F}.Release|Any CPU.Deploy.0 = Release|Any CPU
		{2B318D5A-09ED-45B5-81E3-23249C3D8F0F}.Release|ARM.ActiveCfg = Release|Any CPU
		{2B318D5A-09ED-45B5-81E3-23249C3D8F0F}.Release|ARM.Build.0 = Release|Any CPU
		{2B318D5A-09ED-45B5-81E3-23249C3D8F0F}.Release|ARM.Deploy.0 = Release|Any CPU
		{2B318D5A-09ED-45B5-81E3-23249C3D8F0F}.Release|iPhone.ActiveCfg = Release|Any CPU
		{2B318D5A-09ED-45B5-81E3-23249C3D8F0F}.Release|iPhone.Build.0 = Release|Any CPU
		{2B318D5A-09ED-45B5-81E3-23249C3D8F0F}.Release|iPhone.Deploy.0 = Release|Any CPU
		{2B318D5A-09ED-45B5-81E3-23249C3D8F0F}.Release|iPhoneSimulator.ActiveCfg = Release|Any CPU
		{2B318D5A-09ED-45B5-81E3-23249C3D8F0F}.Release|iPhoneSimulator.Build.0 = Release|Any CPU
		{2B318D5A-09ED-45B5-81E3-23249C3D8F0F}.Release|iPhoneSimulator.Deploy.0 = Release|Any CPU
		{2B318D5A-09ED-45B5-81E3-23249C3D8F0F}.Release|x64.ActiveCfg = Release|Any CPU
		{2B318D5A-09ED-45B5-81E3-23249C3D8F0F}.Release|x64.Build.0 = Release|Any CPU
		{2B318D5A-09ED-45B5-81E3-23249C3D8F0F}.Release|x64.Deploy.0 = Release|Any CPU
		{2B318D5A-09ED-45B5-81E3-23249C3D8F0F}.Release|x86.ActiveCfg = Release|Any CPU
		{2B318D5A-09ED-45B5-81E3-23249C3D8F0F}.Release|x86.Build.0 = Release|Any CPU
		{2B318D5A-09ED-45B5-81E3-23249C3D8F0F}.Release|x86.Deploy.0 = Release|Any CPU
		{40FBFAF0-38CE-411C-9E1E-3F9693D1E8DF}.Ad-Hoc|Any CPU.ActiveCfg = Release|Any CPU
		{40FBFAF0-38CE-411C-9E1E-3F9693D1E8DF}.Ad-Hoc|Any CPU.Build.0 = Release|Any CPU
		{40FBFAF0-38CE-411C-9E1E-3F9693D1E8DF}.Ad-Hoc|ARM.ActiveCfg = Release|Any CPU
		{40FBFAF0-38CE-411C-9E1E-3F9693D1E8DF}.Ad-Hoc|ARM.Build.0 = Release|Any CPU
		{40FBFAF0-38CE-411C-9E1E-3F9693D1E8DF}.Ad-Hoc|iPhone.ActiveCfg = Release|Any CPU
		{40FBFAF0-38CE-411C-9E1E-3F9693D1E8DF}.Ad-Hoc|iPhone.Build.0 = Release|Any CPU
		{40FBFAF0-38CE-411C-9E1E-3F9693D1E8DF}.Ad-Hoc|iPhoneSimulator.ActiveCfg = Release|Any CPU
		{40FBFAF0-38CE-411C-9E1E-3F9693D1E8DF}.Ad-Hoc|iPhoneSimulator.Build.0 = Release|Any CPU
		{40FBFAF0-38CE-411C-9E1E-3F9693D1E8DF}.Ad-Hoc|x64.ActiveCfg = Release|Any CPU
		{40FBFAF0-38CE-411C-9E1E-3F9693D1E8DF}.Ad-Hoc|x64.Build.0 = Release|Any CPU
		{40FBFAF0-38CE-411C-9E1E-3F9693D1E8DF}.Ad-Hoc|x86.ActiveCfg = Release|Any CPU
		{40FBFAF0-38CE-411C-9E1E-3F9693D1E8DF}.Ad-Hoc|x86.Build.0 = Release|Any CPU
		{40FBFAF0-38CE-411C-9E1E-3F9693D1E8DF}.AppStore|Any CPU.ActiveCfg = Release|Any CPU
		{40FBFAF0-38CE-411C-9E1E-3F9693D1E8DF}.AppStore|Any CPU.Build.0 = Release|Any CPU
		{40FBFAF0-38CE-411C-9E1E-3F9693D1E8DF}.AppStore|ARM.ActiveCfg = Release|Any CPU
		{40FBFAF0-38CE-411C-9E1E-3F9693D1E8DF}.AppStore|ARM.Build.0 = Release|Any CPU
		{40FBFAF0-38CE-411C-9E1E-3F9693D1E8DF}.AppStore|iPhone.ActiveCfg = Release|Any CPU
		{40FBFAF0-38CE-411C-9E1E-3F9693D1E8DF}.AppStore|iPhone.Build.0 = Release|Any CPU
		{40FBFAF0-38CE-411C-9E1E-3F9693D1E8DF}.AppStore|iPhoneSimulator.ActiveCfg = Release|Any CPU
		{40FBFAF0-38CE-411C-9E1E-3F9693D1E8DF}.AppStore|iPhoneSimulator.Build.0 = Release|Any CPU
		{40FBFAF0-38CE-411C-9E1E-3F9693D1E8DF}.AppStore|x64.ActiveCfg = Release|Any CPU
		{40FBFAF0-38CE-411C-9E1E-3F9693D1E8DF}.AppStore|x64.Build.0 = Release|Any CPU
		{40FBFAF0-38CE-411C-9E1E-3F9693D1E8DF}.AppStore|x86.ActiveCfg = Release|Any CPU
		{40FBFAF0-38CE-411C-9E1E-3F9693D1E8DF}.AppStore|x86.Build.0 = Release|Any CPU
		{40FBFAF0-38CE-411C-9E1E-3F9693D1E8DF}.Debug|Any CPU.ActiveCfg = Debug|Any CPU
		{40FBFAF0-38CE-411C-9E1E-3F9693D1E8DF}.Debug|Any CPU.Build.0 = Debug|Any CPU
		{40FBFAF0-38CE-411C-9E1E-3F9693D1E8DF}.Debug|ARM.ActiveCfg = Debug|Any CPU
		{40FBFAF0-38CE-411C-9E1E-3F9693D1E8DF}.Debug|ARM.Build.0 = Debug|Any CPU
		{40FBFAF0-38CE-411C-9E1E-3F9693D1E8DF}.Debug|iPhone.ActiveCfg = Debug|Any CPU
		{40FBFAF0-38CE-411C-9E1E-3F9693D1E8DF}.Debug|iPhone.Build.0 = Debug|Any CPU
		{40FBFAF0-38CE-411C-9E1E-3F9693D1E8DF}.Debug|iPhoneSimulator.ActiveCfg = Debug|Any CPU
		{40FBFAF0-38CE-411C-9E1E-3F9693D1E8DF}.Debug|iPhoneSimulator.Build.0 = Debug|Any CPU
		{40FBFAF0-38CE-411C-9E1E-3F9693D1E8DF}.Debug|x64.ActiveCfg = Debug|Any CPU
		{40FBFAF0-38CE-411C-9E1E-3F9693D1E8DF}.Debug|x64.Build.0 = Debug|Any CPU
		{40FBFAF0-38CE-411C-9E1E-3F9693D1E8DF}.Debug|x86.ActiveCfg = Debug|Any CPU
		{40FBFAF0-38CE-411C-9E1E-3F9693D1E8DF}.Debug|x86.Build.0 = Debug|Any CPU
		{40FBFAF0-38CE-411C-9E1E-3F9693D1E8DF}.Release|Any CPU.ActiveCfg = Release|Any CPU
		{40FBFAF0-38CE-411C-9E1E-3F9693D1E8DF}.Release|Any CPU.Build.0 = Release|Any CPU
		{40FBFAF0-38CE-411C-9E1E-3F9693D1E8DF}.Release|ARM.ActiveCfg = Release|Any CPU
		{40FBFAF0-38CE-411C-9E1E-3F9693D1E8DF}.Release|ARM.Build.0 = Release|Any CPU
		{40FBFAF0-38CE-411C-9E1E-3F9693D1E8DF}.Release|iPhone.ActiveCfg = Release|Any CPU
		{40FBFAF0-38CE-411C-9E1E-3F9693D1E8DF}.Release|iPhone.Build.0 = Release|Any CPU
		{40FBFAF0-38CE-411C-9E1E-3F9693D1E8DF}.Release|iPhoneSimulator.ActiveCfg = Release|Any CPU
		{40FBFAF0-38CE-411C-9E1E-3F9693D1E8DF}.Release|iPhoneSimulator.Build.0 = Release|Any CPU
		{40FBFAF0-38CE-411C-9E1E-3F9693D1E8DF}.Release|x64.ActiveCfg = Release|Any CPU
		{40FBFAF0-38CE-411C-9E1E-3F9693D1E8DF}.Release|x64.Build.0 = Release|Any CPU
		{40FBFAF0-38CE-411C-9E1E-3F9693D1E8DF}.Release|x86.ActiveCfg = Release|Any CPU
		{40FBFAF0-38CE-411C-9E1E-3F9693D1E8DF}.Release|x86.Build.0 = Release|Any CPU
		{34C7E61F-F087-4222-927C-417B0C1D724C}.Ad-Hoc|Any CPU.ActiveCfg = Release|x86
		{34C7E61F-F087-4222-927C-417B0C1D724C}.Ad-Hoc|Any CPU.Build.0 = Release|x86
		{34C7E61F-F087-4222-927C-417B0C1D724C}.Ad-Hoc|Any CPU.Deploy.0 = Release|x86
		{34C7E61F-F087-4222-927C-417B0C1D724C}.Ad-Hoc|ARM.ActiveCfg = Release|ARM
		{34C7E61F-F087-4222-927C-417B0C1D724C}.Ad-Hoc|ARM.Build.0 = Release|ARM
		{34C7E61F-F087-4222-927C-417B0C1D724C}.Ad-Hoc|ARM.Deploy.0 = Release|ARM
		{34C7E61F-F087-4222-927C-417B0C1D724C}.Ad-Hoc|iPhone.ActiveCfg = Release|x86
		{34C7E61F-F087-4222-927C-417B0C1D724C}.Ad-Hoc|iPhone.Build.0 = Release|x86
		{34C7E61F-F087-4222-927C-417B0C1D724C}.Ad-Hoc|iPhone.Deploy.0 = Release|x86
		{34C7E61F-F087-4222-927C-417B0C1D724C}.Ad-Hoc|iPhoneSimulator.ActiveCfg = Release|x86
		{34C7E61F-F087-4222-927C-417B0C1D724C}.Ad-Hoc|iPhoneSimulator.Build.0 = Release|x86
		{34C7E61F-F087-4222-927C-417B0C1D724C}.Ad-Hoc|iPhoneSimulator.Deploy.0 = Release|x86
		{34C7E61F-F087-4222-927C-417B0C1D724C}.Ad-Hoc|x64.ActiveCfg = Release|x64
		{34C7E61F-F087-4222-927C-417B0C1D724C}.Ad-Hoc|x64.Build.0 = Release|x64
		{34C7E61F-F087-4222-927C-417B0C1D724C}.Ad-Hoc|x64.Deploy.0 = Release|x64
		{34C7E61F-F087-4222-927C-417B0C1D724C}.Ad-Hoc|x86.ActiveCfg = Release|x86
		{34C7E61F-F087-4222-927C-417B0C1D724C}.Ad-Hoc|x86.Build.0 = Release|x86
		{34C7E61F-F087-4222-927C-417B0C1D724C}.Ad-Hoc|x86.Deploy.0 = Release|x86
		{34C7E61F-F087-4222-927C-417B0C1D724C}.AppStore|Any CPU.ActiveCfg = Release|x86
		{34C7E61F-F087-4222-927C-417B0C1D724C}.AppStore|Any CPU.Build.0 = Release|x86
		{34C7E61F-F087-4222-927C-417B0C1D724C}.AppStore|Any CPU.Deploy.0 = Release|x86
		{34C7E61F-F087-4222-927C-417B0C1D724C}.AppStore|ARM.ActiveCfg = Release|ARM
		{34C7E61F-F087-4222-927C-417B0C1D724C}.AppStore|ARM.Build.0 = Release|ARM
		{34C7E61F-F087-4222-927C-417B0C1D724C}.AppStore|ARM.Deploy.0 = Release|ARM
		{34C7E61F-F087-4222-927C-417B0C1D724C}.AppStore|iPhone.ActiveCfg = Release|x86
		{34C7E61F-F087-4222-927C-417B0C1D724C}.AppStore|iPhone.Build.0 = Release|x86
		{34C7E61F-F087-4222-927C-417B0C1D724C}.AppStore|iPhone.Deploy.0 = Release|x86
		{34C7E61F-F087-4222-927C-417B0C1D724C}.AppStore|iPhoneSimulator.ActiveCfg = Release|x86
		{34C7E61F-F087-4222-927C-417B0C1D724C}.AppStore|iPhoneSimulator.Build.0 = Release|x86
		{34C7E61F-F087-4222-927C-417B0C1D724C}.AppStore|iPhoneSimulator.Deploy.0 = Release|x86
		{34C7E61F-F087-4222-927C-417B0C1D724C}.AppStore|x64.ActiveCfg = Release|x64
		{34C7E61F-F087-4222-927C-417B0C1D724C}.AppStore|x64.Build.0 = Release|x64
		{34C7E61F-F087-4222-927C-417B0C1D724C}.AppStore|x64.Deploy.0 = Release|x64
		{34C7E61F-F087-4222-927C-417B0C1D724C}.AppStore|x86.ActiveCfg = Release|x86
		{34C7E61F-F087-4222-927C-417B0C1D724C}.AppStore|x86.Build.0 = Release|x86
		{34C7E61F-F087-4222-927C-417B0C1D724C}.AppStore|x86.Deploy.0 = Release|x86
		{34C7E61F-F087-4222-927C-417B0C1D724C}.Debug|Any CPU.ActiveCfg = Debug|x86
		{34C7E61F-F087-4222-927C-417B0C1D724C}.Debug|ARM.ActiveCfg = Debug|ARM
		{34C7E61F-F087-4222-927C-417B0C1D724C}.Debug|ARM.Build.0 = Debug|ARM
		{34C7E61F-F087-4222-927C-417B0C1D724C}.Debug|ARM.Deploy.0 = Debug|ARM
		{34C7E61F-F087-4222-927C-417B0C1D724C}.Debug|iPhone.ActiveCfg = Debug|x86
		{34C7E61F-F087-4222-927C-417B0C1D724C}.Debug|iPhoneSimulator.ActiveCfg = Debug|x86
		{34C7E61F-F087-4222-927C-417B0C1D724C}.Debug|x64.ActiveCfg = Debug|x64
		{34C7E61F-F087-4222-927C-417B0C1D724C}.Debug|x64.Build.0 = Debug|x64
		{34C7E61F-F087-4222-927C-417B0C1D724C}.Debug|x64.Deploy.0 = Debug|x64
		{34C7E61F-F087-4222-927C-417B0C1D724C}.Debug|x86.ActiveCfg = Debug|x86
		{34C7E61F-F087-4222-927C-417B0C1D724C}.Debug|x86.Build.0 = Debug|x86
		{34C7E61F-F087-4222-927C-417B0C1D724C}.Debug|x86.Deploy.0 = Debug|x86
		{34C7E61F-F087-4222-927C-417B0C1D724C}.Release|Any CPU.ActiveCfg = Release|x86
		{34C7E61F-F087-4222-927C-417B0C1D724C}.Release|ARM.ActiveCfg = Release|ARM
		{34C7E61F-F087-4222-927C-417B0C1D724C}.Release|ARM.Build.0 = Release|ARM
		{34C7E61F-F087-4222-927C-417B0C1D724C}.Release|ARM.Deploy.0 = Release|ARM
		{34C7E61F-F087-4222-927C-417B0C1D724C}.Release|iPhone.ActiveCfg = Release|x86
		{34C7E61F-F087-4222-927C-417B0C1D724C}.Release|iPhoneSimulator.ActiveCfg = Release|x86
		{34C7E61F-F087-4222-927C-417B0C1D724C}.Release|x64.ActiveCfg = Release|x64
		{34C7E61F-F087-4222-927C-417B0C1D724C}.Release|x64.Build.0 = Release|x64
		{34C7E61F-F087-4222-927C-417B0C1D724C}.Release|x64.Deploy.0 = Release|x64
		{34C7E61F-F087-4222-927C-417B0C1D724C}.Release|x86.ActiveCfg = Release|x86
		{34C7E61F-F087-4222-927C-417B0C1D724C}.Release|x86.Build.0 = Release|x86
		{34C7E61F-F087-4222-927C-417B0C1D724C}.Release|x86.Deploy.0 = Release|x86
		{D7D68ECD-2134-450F-A391-EC1D6A44A733}.Ad-Hoc|Any CPU.ActiveCfg = Ad-Hoc|iPhoneSimulator
		{D7D68ECD-2134-450F-A391-EC1D6A44A733}.Ad-Hoc|ARM.ActiveCfg = Ad-Hoc|iPhone
		{D7D68ECD-2134-450F-A391-EC1D6A44A733}.Ad-Hoc|iPhone.ActiveCfg = Ad-Hoc|iPhone
		{D7D68ECD-2134-450F-A391-EC1D6A44A733}.Ad-Hoc|iPhone.Build.0 = Ad-Hoc|iPhone
		{D7D68ECD-2134-450F-A391-EC1D6A44A733}.Ad-Hoc|iPhoneSimulator.ActiveCfg = Ad-Hoc|iPhoneSimulator
		{D7D68ECD-2134-450F-A391-EC1D6A44A733}.Ad-Hoc|iPhoneSimulator.Build.0 = Ad-Hoc|iPhoneSimulator
		{D7D68ECD-2134-450F-A391-EC1D6A44A733}.Ad-Hoc|x64.ActiveCfg = Ad-Hoc|iPhone
		{D7D68ECD-2134-450F-A391-EC1D6A44A733}.Ad-Hoc|x86.ActiveCfg = Ad-Hoc|iPhone
		{D7D68ECD-2134-450F-A391-EC1D6A44A733}.AppStore|Any CPU.ActiveCfg = AppStore|iPhoneSimulator
		{D7D68ECD-2134-450F-A391-EC1D6A44A733}.AppStore|ARM.ActiveCfg = AppStore|iPhone
		{D7D68ECD-2134-450F-A391-EC1D6A44A733}.AppStore|iPhone.ActiveCfg = AppStore|iPhone
		{D7D68ECD-2134-450F-A391-EC1D6A44A733}.AppStore|iPhone.Build.0 = AppStore|iPhone
		{D7D68ECD-2134-450F-A391-EC1D6A44A733}.AppStore|iPhoneSimulator.ActiveCfg = AppStore|iPhoneSimulator
		{D7D68ECD-2134-450F-A391-EC1D6A44A733}.AppStore|iPhoneSimulator.Build.0 = AppStore|iPhoneSimulator
		{D7D68ECD-2134-450F-A391-EC1D6A44A733}.AppStore|x64.ActiveCfg = AppStore|iPhone
		{D7D68ECD-2134-450F-A391-EC1D6A44A733}.AppStore|x86.ActiveCfg = AppStore|iPhone
		{D7D68ECD-2134-450F-A391-EC1D6A44A733}.Debug|Any CPU.ActiveCfg = Debug|iPhoneSimulator
		{D7D68ECD-2134-450F-A391-EC1D6A44A733}.Debug|ARM.ActiveCfg = Debug|iPhone
		{D7D68ECD-2134-450F-A391-EC1D6A44A733}.Debug|iPhone.ActiveCfg = Debug|iPhone
		{D7D68ECD-2134-450F-A391-EC1D6A44A733}.Debug|iPhone.Build.0 = Debug|iPhone
		{D7D68ECD-2134-450F-A391-EC1D6A44A733}.Debug|iPhoneSimulator.ActiveCfg = Debug|iPhoneSimulator
		{D7D68ECD-2134-450F-A391-EC1D6A44A733}.Debug|iPhoneSimulator.Build.0 = Debug|iPhoneSimulator
		{D7D68ECD-2134-450F-A391-EC1D6A44A733}.Debug|x64.ActiveCfg = Debug|iPhone
		{D7D68ECD-2134-450F-A391-EC1D6A44A733}.Debug|x86.ActiveCfg = Debug|iPhone
		{D7D68ECD-2134-450F-A391-EC1D6A44A733}.Release|Any CPU.ActiveCfg = Release|iPhoneSimulator
		{D7D68ECD-2134-450F-A391-EC1D6A44A733}.Release|ARM.ActiveCfg = Release|iPhone
		{D7D68ECD-2134-450F-A391-EC1D6A44A733}.Release|iPhone.ActiveCfg = Release|iPhone
		{D7D68ECD-2134-450F-A391-EC1D6A44A733}.Release|iPhone.Build.0 = Release|iPhone
		{D7D68ECD-2134-450F-A391-EC1D6A44A733}.Release|iPhoneSimulator.ActiveCfg = Release|iPhoneSimulator
		{D7D68ECD-2134-450F-A391-EC1D6A44A733}.Release|iPhoneSimulator.Build.0 = Release|iPhoneSimulator
		{D7D68ECD-2134-450F-A391-EC1D6A44A733}.Release|x64.ActiveCfg = Release|iPhone
		{D7D68ECD-2134-450F-A391-EC1D6A44A733}.Release|x86.ActiveCfg = Release|iPhone
	EndGlobalSection
	GlobalSection(SolutionProperties) = preSolution
		HideSolutionNode = FALSE
	EndGlobalSection
	GlobalSection(ExtensibilityGlobals) = postSolution
		SolutionGuid = {8607DB9E-6121-4317-B325-67B0B731337E}
	EndGlobalSection
EndGlobal
